
Microsoft Visual Studio Solution File, Format Version 12.00
# Visual Studio 14
VisualStudioVersion = 14.0.25420.1
MinimumVisualStudioVersion = 10.0.40219.1
Project("{FAE04EC0-301F-11D3-BF4B-00C04F79EFBC}") = "FreezerMonitor.SqliteData", "FreezerMonitor.SqliteData\FreezerMonitor.SqliteData.csproj", "{882BCEF0-49D1-4AFE-A785-2E6B4859B3D2}"
EndProject
Project("{FAE04EC0-301F-11D3-BF4B-00C04F79EFBC}") = "FreezerMonitor.TestConsole", "FreezerMonitor.Console\FreezerMonitor.TestConsole.csproj", "{4FABB919-B7F1-488D-8CEA-EA8A2554B0C8}"
EndProject
Project("{FAE04EC0-301F-11D3-BF4B-00C04F79EFBC}") = "FreezerMonitor.Web", "FreezerMonitor.Web\FreezerMonitor.Web.csproj", "{8AC15399-A3C3-4108-A496-042631D4724E}"
EndProject
Project("{00D1A9C2-B5F0-4AF3-8072-F6C62B433612}") = "FreezerMonitor.Database", "FreezerMonitor.Database\FreezerMonitor.Database.sqlproj", "{10821EC3-F7B5-486B-8E3F-F17A1DDE342E}"
EndProject
Project("{FAE04EC0-301F-11D3-BF4B-00C04F79EFBC}") = "FreezerMonitor.Data", "FreezerMonitor.Data\FreezerMonitor.Data.csproj", "{641B27EA-E69E-4826-92C6-7F1DE1C91455}"
EndProject
Global
	GlobalSection(SolutionConfigurationPlatforms) = preSolution
		Debug|Any CPU = Debug|Any CPU
		Release|Any CPU = Release|Any CPU
	EndGlobalSection
	GlobalSection(ProjectConfigurationPlatforms) = postSolution
		{882BCEF0-49D1-4AFE-A785-2E6B4859B3D2}.Debug|Any CPU.ActiveCfg = Debug|Any CPU
		{882BCEF0-49D1-4AFE-A785-2E6B4859B3D2}.Debug|Any CPU.Build.0 = Debug|Any CPU
		{882BCEF0-49D1-4AFE-A785-2E6B4859B3D2}.Release|Any CPU.ActiveCfg = Release|Any CPU
		{882BCEF0-49D1-4AFE-A785-2E6B4859B3D2}.Release|Any CPU.Build.0 = Release|Any CPU
		{4FABB919-B7F1-488D-8CEA-EA8A2554B0C8}.Debug|Any CPU.ActiveCfg = Debug|Any CPU
		{4FABB919-B7F1-488D-8CEA-EA8A2554B0C8}.Debug|Any CPU.Build.0 = Debug|Any CPU
		{4FABB919-B7F1-488D-8CEA-EA8A2554B0C8}.Release|Any CPU.ActiveCfg = Release|Any CPU
		{4FABB919-B7F1-488D-8CEA-EA8A2554B0C8}.Release|Any CPU.Build.0 = Release|Any CPU
		{8AC15399-A3C3-4108-A496-042631D4724E}.Debug|Any CPU.ActiveCfg = Debug|Any CPU
		{8AC15399-A3C3-4108-A496-042631D4724E}.Debug|Any CPU.Build.0 = Debug|Any CPU
		{8AC15399-A3C3-4108-A496-042631D4724E}.Release|Any CPU.ActiveCfg = Release|Any CPU
		{8AC15399-A3C3-4108-A496-042631D4724E}.Release|Any CPU.Build.0 = Release|Any CPU
		{10821EC3-F7B5-486B-8E3F-F17A1DDE342E}.Debug|Any CPU.ActiveCfg = Debug|Any CPU
		{10821EC3-F7B5-486B-8E3F-F17A1DDE342E}.Debug|Any CPU.Build.0 = Debug|Any CPU
		{10821EC3-F7B5-486B-8E3F-F17A1DDE342E}.Debug|Any CPU.Deploy.0 = Debug|Any CPU
		{10821EC3-F7B5-486B-8E3F-F17A1DDE342E}.Release|Any CPU.ActiveCfg = Release|Any CPU
		{10821EC3-F7B5-486B-8E3F-F17A1DDE342E}.Release|Any CPU.Build.0 = Release|Any CPU
		{10821EC3-F7B5-486B-8E3F-F17A1DDE342E}.Release|Any CPU.Deploy.0 = Release|Any CPU
		{641B27EA-E69E-4826-92C6-7F1DE1C91455}.Debug|Any CPU.ActiveCfg = Debug|Any CPU
		{641B27EA-E69E-4826-92C6-7F1DE1C91455}.Debug|Any CPU.Build.0 = Debug|Any CPU
		{641B27EA-E69E-4826-92C6-7F1DE1C91455}.Release|Any CPU.ActiveCfg = Release|Any CPU
		{641B27EA-E69E-4826-92C6-7F1DE1C91455}.Release|Any CPU.Build.0 = Release|Any CPU
	EndGlobalSection
	GlobalSection(SolutionProperties) = preSolution
		HideSolutionNode = FALSE
	EndGlobalSection
EndGlobal
